{
    "_meta": {
        "hash": {
            "sha256": "a780878b317b63cca0caab035df0712d62485e45d0c1adbfd58b9976f1cac7b6"
        },
        "pipfile-spec": 6,
        "requires": {
            "python_version": "3.11"
        },
        "sources": [
            {
                "name": "pypi",
                "url": "https://pypi.python.org/simple",
                "verify_ssl": true
            }
        ]
    },
    "default": {},
    "develop": {}
}
