{
    "_meta": {
        "hash": {
            "sha256": "a3069d2ceab66fa953485b6937d667fbe289961718bb153bf3b320bff66d06cd"
        },
        "pipfile-spec": 6,
        "requires": {
            "python_version": "3.10"
        },
        "sources": [
            {
                "name": "pypi",
                "url": "https://pypi.python.org/simple",
                "verify_ssl": true
            }
        ]
    },
    "default": {},
    "develop": {
        "markdown": {
            "hashes": [
                "sha256:cbb516f16218e643d8e0a95b309f77eb118cb138d39a4f27851e6a63581db874",
                "sha256:f5da449a6e1c989a4cea2631aa8ee67caa5a2ef855d551c88f9e309f4634c621"
            ],
            "index": "pypi",
            "version": "==3.3.7"
        },
        "mypy": {
            "hashes": [
                "sha256:0112752a6ff07230f9ec2f71b0d3d4e088a910fdce454fdb6553e83ed0eced7d",
                "sha256:0384d9f3af49837baa92f559d3fa673e6d2652a16550a9ee07fc08c736f5e6f8",
                "sha256:1b333cfbca1762ff15808a0ef4f71b5d3eed8528b23ea1c3fb50543c867d68de",
                "sha256:1fdeb0a0f64f2a874a4c1f5271f06e40e1e9779bf55f9567f149466fc7a55038",
                "sha256:4c653e4846f287051599ed8f4b3c044b80e540e88feec76b11044ddc5612ffed",
                "sha256:563514c7dc504698fb66bb1cf897657a173a496406f1866afae73ab5b3cdb334",
                "sha256:5b231afd6a6e951381b9ef09a1223b1feabe13625388db48a8690f8daa9b71ff",
                "sha256:5ce6a09042b6da16d773d2110e44f169683d8cc8687e79ec6d1181a72cb028d2",
                "sha256:5e7647df0f8fc947388e6251d728189cfadb3b1e558407f93254e35abc026e22",
                "sha256:6003de687c13196e8a1243a5e4bcce617d79b88f83ee6625437e335d89dfebe2",
                "sha256:61504b9a5ae166ba5ecfed9e93357fd51aa693d3d434b582a925338a2ff57fd2",
                "sha256:77423570c04aca807508a492037abbd72b12a1fb25a385847d191cd50b2c9605",
                "sha256:a4d9898f46446bfb6405383b57b96737dcfd0a7f25b748e78ef3e8c576bba3cb",
                "sha256:a952b8bc0ae278fc6316e6384f67bb9a396eb30aced6ad034d3a76120ebcc519",
                "sha256:b5b5bd0ffb11b4aba2bb6d31b8643902c48f990cc92fda4e21afac658044f0c0",
                "sha256:ca75ecf2783395ca3016a5e455cb322ba26b6d33b4b413fcdedfc632e67941dc",
                "sha256:cf9c261958a769a3bd38c3e133801ebcd284ffb734ea12d01457cb09eacf7d7b",
                "sha256:dd4d670eee9610bf61c25c940e9ade2d0ed05eb44227275cce88701fee014b1f",
                "sha256:e19736af56947addedce4674c0971e5dceef1b5ec7d667fe86bcd2b07f8f9075",
                "sha256:eaea21d150fb26d7b4856766e7addcf929119dd19fc832b22e71d942835201ef",
                "sha256:eaff8156016487c1af5ffa5304c3e3fd183edcb412f3e9c72db349faf3f6e0eb",
                "sha256:ee0a36edd332ed2c5208565ae6e3a7afc0eabb53f5327e281f2ef03a6bc7687a",
                "sha256:ef7beb2a3582eb7a9f37beaf38a28acfd801988cde688760aea9e6cc4832b10b"
            ],
            "index": "pypi",
            "version": "==0.950"
        },
        "mypy-extensions": {
            "hashes": [
                "sha256:090fedd75945a69ae91ce1303b5824f428daf5a028d2f6ab8a299250a846f15d",
                "sha256:2d82818f5bb3e369420cb3c4060a7970edba416647068eb4c5343488a6c604a8"
            ],
            "version": "==0.4.3"
        },
        "tomli": {
            "hashes": [
                "sha256:939de3e7a6161af0c887ef91b7d41a53e7c5a1ca976325f429cb46ea9bc30ecc",
                "sha256:de526c12914f0c550d15924c62d72abc48d6fe7364aa87328337a31007fe8a4f"
            ],
            "markers": "python_version < '3.11'",
            "version": "==2.0.1"
        },
        "typing-extensions": {
            "hashes": [
                "sha256:6657594ee297170d19f67d55c05852a874e7eb634f4f753dbd667855e07c1708",
                "sha256:f1c24655a0da0d1b67f07e17a5e6b2a105894e6824b92096378bb3668ef02376"
            ],
            "markers": "python_version >= '3.7'",
            "version": "==4.2.0"
        }
    }
}
