{
    "_meta": {
        "hash": {
            "sha256": "eb785afa1a06aa2436335e5af3177a8c040b9c0899443378eab8a5453db3429e"
        },
        "pipfile-spec": 6,
        "requires": {
            "python_version": "3.6"
        },
        "sources": [
            {
                "name": "pypi",
                "url": "https://pypi.python.org/simple",
                "verify_ssl": true
            }
        ]
    },
    "default": {},
    "develop": {
        "plumbum": {
            "hashes": [
                "sha256:d143f079bfb60b11e9bec09a49695ce2e55ce5ca0246877bdb0818ab7c7fc312",
                "sha256:df96a5facf621db4a6d682bdc93afa5ed6b107a8667c73c3f0a0f0fab4217c81"
            ],
            "index": "pypi",
            "version": "==1.6.7"
        }
    }
}
